// !$*UTF8*$!
{
	archiveVersion = 1;
	classes = {
	};
	objectVersion = 56;
	objects = {

/* Begin PBXBuildFile section */
		3743BF42298D1FA10099BC1E /* GameboardCell.swift in Sources */ = {isa = PBXBuildFile; fileRef = 3743BF41298D1FA10099BC1E /* GameboardCell.swift */; };
		3743BF47298EA6F40099BC1E /* Answers.json in Resources */ = {isa = PBXBuildFile; fileRef = 3743BF46298EA6F40099BC1E /* Answers.json */; };
		3743BF4A298EA7A90099BC1E /* Answers.swift in Sources */ = {isa = PBXBuildFile; fileRef = 3743BF49298EA7A90099BC1E /* Answers.swift */; };
		3753FA56297EC7BB009FD818 /* AppDelegate.swift in Sources */ = {isa = PBXBuildFile; fileRef = 3753FA55297EC7BB009FD818 /* AppDelegate.swift */; };
		3753FA58297EC7BB009FD818 /* SceneDelegate.swift in Sources */ = {isa = PBXBuildFile; fileRef = 3753FA57297EC7BB009FD818 /* SceneDelegate.swift */; };
		3753FA5A297EC7BB009FD818 /* ViewController.swift in Sources */ = {isa = PBXBuildFile; fileRef = 3753FA59297EC7BB009FD818 /* ViewController.swift */; };
		3753FA5F297EC7BD009FD818 /* Assets.xcassets in Resources */ = {isa = PBXBuildFile; fileRef = 3753FA5E297EC7BD009FD818 /* Assets.xcassets */; };
		3753FA62297EC7BD009FD818 /* LaunchScreen.storyboard in Resources */ = {isa = PBXBuildFile; fileRef = 3753FA60297EC7BD009FD818 /* LaunchScreen.storyboard */; };
		3753FA6A297ED1C3009FD818 /* GameBoardViewController.swift in Sources */ = {isa = PBXBuildFile; fileRef = 3753FA69297ED1C3009FD818 /* GameBoardViewController.swift */; };
		3753FA6C297ED1CF009FD818 /* KeyboardViewController.swift in Sources */ = {isa = PBXBuildFile; fileRef = 3753FA6B297ED1CF009FD818 /* KeyboardViewController.swift */; };
		3753FA71297FE43E009FD818 /* KeyboardCell.swift in Sources */ = {isa = PBXBuildFile; fileRef = 3753FA70297FE43E009FD818 /* KeyboardCell.swift */; };
		3753FA73297FE7B7009FD818 /* UIColor+Extensions.swift in Sources */ = {isa = PBXBuildFile; fileRef = 3753FA72297FE7B7009FD818 /* UIColor+Extensions.swift */; };
/* End PBXBuildFile section */

/* Begin PBXFileReference section */
		3743BF41298D1FA10099BC1E /* GameboardCell.swift */ = {isa = PBXFileReference; lastKnownFileType = sourcecode.swift; path = GameboardCell.swift; sourceTree = "<group>"; };
		3743BF46298EA6F40099BC1E /* Answers.json */ = {isa = PBXFileReference; fileEncoding = 4; lastKnownFileType = text.json; path = Answers.json; sourceTree = "<group>"; };
		3743BF49298EA7A90099BC1E /* Answers.swift */ = {isa = PBXFileReference; lastKnownFileType = sourcecode.swift; path = Answers.swift; sourceTree = "<group>"; };
		3753FA52297EC7BB009FD818 /* Wordle.app */ = {isa = PBXFileReference; explicitFileType = wrapper.application; includeInIndex = 0; path = Wordle.app; sourceTree = BUILT_PRODUCTS_DIR; };
		3753FA55297EC7BB009FD818 /* AppDelegate.swift */ = {isa = PBXFileReference; lastKnownFileType = sourcecode.swift; path = AppDelegate.swift; sourceTree = "<group>"; };
		3753FA57297EC7BB009FD818 /* SceneDelegate.swift */ = {isa = PBXFileReference; lastKnownFileType = sourcecode.swift; path = SceneDelegate.swift; sourceTree = "<group>"; };
		3753FA59297EC7BB009FD818 /* ViewController.swift */ = {isa = PBXFileReference; lastKnownFileType = sourcecode.swift; path = ViewController.swift; sourceTree = "<group>"; };
		3753FA5E297EC7BD009FD818 /* Assets.xcassets */ = {isa = PBXFileReference; lastKnownFileType = folder.assetcatalog; path = Assets.xcassets; sourceTree = "<group>"; };
		3753FA61297EC7BD009FD818 /* Base */ = {isa = PBXFileReference; lastKnownFileType = file.storyboard; name = Base; path = Base.lproj/LaunchScreen.storyboard; sourceTree = "<group>"; };
		3753FA63297EC7BD009FD818 /* Info.plist */ = {isa = PBXFileReference; lastKnownFileType = text.plist.xml; path = Info.plist; sourceTree = "<group>"; };
		3753FA69297ED1C3009FD818 /* GameBoardViewController.swift */ = {isa = PBXFileReference; lastKnownFileType = sourcecode.swift; path = GameBoardViewController.swift; sourceTree = "<group>"; };
		3753FA6B297ED1CF009FD818 /* KeyboardViewController.swift */ = {isa = PBXFileReference; lastKnownFileType = sourcecode.swift; path = KeyboardViewController.swift; sourceTree = "<group>"; };
		3753FA70297FE43E009FD818 /* KeyboardCell.swift */ = {isa = PBXFileReference; lastKnownFileType = sourcecode.swift; path = KeyboardCell.swift; sourceTree = "<group>"; };
		3753FA72297FE7B7009FD818 /* UIColor+Extensions.swift */ = {isa = PBXFileReference; lastKnownFileType = sourcecode.swift; path = "UIColor+Extensions.swift"; sourceTree = "<group>"; };
/* End PBXFileReference section */

/* Begin PBXFrameworksBuildPhase section */
		3753FA4F297EC7BB009FD818 /* Frameworks */ = {
			isa = PBXFrameworksBuildPhase;
			buildActionMask = 2147483647;
			files = (
			);
			runOnlyForDeploymentPostprocessing = 0;
		};
/* End PBXFrameworksBuildPhase section */

/* Begin PBXGroup section */
		3743BF45298EA6CA0099BC1E /* Data */ = {
			isa = PBXGroup;
			children = (
				3743BF46298EA6F40099BC1E /* Answers.json */,
			);
			path = Data;
			sourceTree = "<group>";
		};
		3743BF48298EA79D0099BC1E /* Models */ = {
			isa = PBXGroup;
			children = (
				3743BF49298EA7A90099BC1E /* Answers.swift */,
			);
			path = Models;
			sourceTree = "<group>";
		};
		3753FA49297EC7BB009FD818 = {
			isa = PBXGroup;
			children = (
				3753FA54297EC7BB009FD818 /* Wordle */,
				3753FA53297EC7BB009FD818 /* Products */,
			);
			sourceTree = "<group>";
		};
		3753FA53297EC7BB009FD818 /* Products */ = {
			isa = PBXGroup;
			children = (
				3753FA52297EC7BB009FD818 /* Wordle.app */,
			);
			name = Products;
			sourceTree = "<group>";
		};
		3753FA54297EC7BB009FD818 /* Wordle */ = {
			isa = PBXGroup;
			children = (
				3743BF48298EA79D0099BC1E /* Models */,
				3743BF45298EA6CA0099BC1E /* Data */,
				3753FA74297FF981009FD818 /* Cells */,
				3753FA6F297F06F5009FD818 /* ViewControllers */,
				3753FA55297EC7BB009FD818 /* AppDelegate.swift */,
				3753FA57297EC7BB009FD818 /* SceneDelegate.swift */,
				3753FA5E297EC7BD009FD818 /* Assets.xcassets */,
				3753FA60297EC7BD009FD818 /* LaunchScreen.storyboard */,
				3753FA63297EC7BD009FD818 /* Info.plist */,
				3753FA72297FE7B7009FD818 /* UIColor+Extensions.swift */,
			);
			path = Wordle;
			sourceTree = "<group>";
		};
		3753FA6F297F06F5009FD818 /* ViewControllers */ = {
			isa = PBXGroup;
			children = (
				3753FA59297EC7BB009FD818 /* ViewController.swift */,
				3753FA6B297ED1CF009FD818 /* KeyboardViewController.swift */,
				3753FA69297ED1C3009FD818 /* GameBoardViewController.swift */,
			);
			path = ViewControllers;
			sourceTree = "<group>";
		};
		3753FA74297FF981009FD818 /* Cells */ = {
			isa = PBXGroup;
			children = (
				3753FA70297FE43E009FD818 /* KeyboardCell.swift */,
				3743BF41298D1FA10099BC1E /* GameboardCell.swift */,
			);
			path = Cells;
			sourceTree = "<group>";
		};
/* End PBXGroup section */

/* Begin PBXNativeTarget section */
		3753FA51297EC7BB009FD818 /* Wordle */ = {
			isa = PBXNativeTarget;
			buildConfigurationList = 3753FA66297EC7BD009FD818 /* Build configuration list for PBXNativeTarget "Wordle" */;
			buildPhases = (
				3753FA4E297EC7BB009FD818 /* Sources */,
				3753FA4F297EC7BB009FD818 /* Frameworks */,
				3753FA50297EC7BB009FD818 /* Resources */,
			);
			buildRules = (
			);
			dependencies = (
			);
			name = Wordle;
			productName = Wordle;
			productReference = 3753FA52297EC7BB009FD818 /* Wordle.app */;
			productType = "com.apple.product-type.application";
		};
/* End PBXNativeTarget section */

/* Begin PBXProject section */
		3753FA4A297EC7BB009FD818 /* Project object */ = {
			isa = PBXProject;
			attributes = {
				BuildIndependentTargetsInParallel = 1;
				LastSwiftUpdateCheck = 1410;
				LastUpgradeCheck = 1410;
				TargetAttributes = {
					3753FA51297EC7BB009FD818 = {
						CreatedOnToolsVersion = 14.1;
					};
				};
			};
			buildConfigurationList = 3753FA4D297EC7BB009FD818 /* Build configuration list for PBXProject "Wordle" */;
			compatibilityVersion = "Xcode 14.0";
			developmentRegion = en;
			hasScannedForEncodings = 0;
			knownRegions = (
				en,
				Base,
			);
			mainGroup = 3753FA49297EC7BB009FD818;
			productRefGroup = 3753FA53297EC7BB009FD818 /* Products */;
			projectDirPath = "";
			projectRoot = "";
			targets = (
				3753FA51297EC7BB009FD818 /* Wordle */,
			);
		};
/* End PBXProject section */

/* Begin PBXResourcesBuildPhase section */
		3753FA50297EC7BB009FD818 /* Resources */ = {
			isa = PBXResourcesBuildPhase;
			buildActionMask = 2147483647;
			files = (
				3753FA62297EC7BD009FD818 /* LaunchScreen.storyboard in Resources */,
				3743BF47298EA6F40099BC1E /* Answers.json in Resources */,
				3753FA5F297EC7BD009FD818 /* Assets.xcassets in Resources */,
			);
			runOnlyForDeploymentPostprocessing = 0;
		};
/* End PBXResourcesBuildPhase section */

/* Begin PBXSourcesBuildPhase section */
		3753FA4E297EC7BB009FD818 /* Sources */ = {
			isa = PBXSourcesBuildPhase;
			buildActionMask = 2147483647;
			files = (
				3743BF42298D1FA10099BC1E /* GameboardCell.swift in Sources */,
				3753FA5A297EC7BB009FD818 /* ViewController.swift in Sources */,
				3753FA6C297ED1CF009FD818 /* KeyboardViewController.swift in Sources */,
				3753FA6A297ED1C3009FD818 /* GameBoardViewController.swift in Sources */,
				3743BF4A298EA7A90099BC1E /* Answers.swift in Sources */,
				3753FA56297EC7BB009FD818 /* AppDelegate.swift in Sources */,
				3753FA73297FE7B7009FD818 /* UIColor+Extensions.swift in Sources */,
				3753FA58297EC7BB009FD818 /* SceneDelegate.swift in Sources */,
				3753FA71297FE43E009FD818 /* KeyboardCell.swift in Sources */,
			);
			runOnlyForDeploymentPostprocessing = 0;
		};
/* End PBXSourcesBuildPhase section */

/* Begin PBXVariantGroup section */
		3753FA60297EC7BD009FD818 /* LaunchScreen.storyboard */ = {
			isa = PBXVariantGroup;
			children = (
				3753FA61297EC7BD009FD818 /* Base */,
			);
			name = LaunchScreen.storyboard;
			sourceTree = "<group>";
		};
/* End PBXVariantGroup section */

/* Begin XCBuildConfiguration section */
		3753FA64297EC7BD009FD818 /* Debug */ = {
			isa = XCBuildConfiguration;
			buildSettings = {
				ALWAYS_SEARCH_USER_PATHS = NO;
				CLANG_ANALYZER_NONNULL = YES;
				CLANG_ANALYZER_NUMBER_OBJECT_CONVERSION = YES_AGGRESSIVE;
				CLANG_CXX_LANGUAGE_STANDARD = "gnu++20";
				CLANG_ENABLE_MODULES = YES;
				CLANG_ENABLE_OBJC_ARC = YES;
				CLANG_ENABLE_OBJC_WEAK = YES;
				CLANG_WARN_BLOCK_CAPTURE_AUTORELEASING = YES;
				CLANG_WARN_BOOL_CONVERSION = YES;
				CLANG_WARN_COMMA = YES;
				CLANG_WARN_CONSTANT_CONVERSION = YES;
				CLANG_WARN_DEPRECATED_OBJC_IMPLEMENTATIONS = YES;
				CLANG_WARN_DIRECT_OBJC_ISA_USAGE = YES_ERROR;
				CLANG_WARN_DOCUMENTATION_COMMENTS = YES;
				CLANG_WARN_EMPTY_BODY = YES;
				CLANG_WARN_ENUM_CONVERSION = YES;
				CLANG_WARN_INFINITE_RECURSION = YES;
				CLANG_WARN_INT_CONVERSION = YES;
				CLANG_WARN_NON_LITERAL_NULL_CONVERSION = YES;
				CLANG_WARN_OBJC_IMPLICIT_RETAIN_SELF = YES;
				CLANG_WARN_OBJC_LITERAL_CONVERSION = YES;
				CLANG_WARN_OBJC_ROOT_CLASS = YES_ERROR;
				CLANG_WARN_QUOTED_INCLUDE_IN_FRAMEWORK_HEADER = YES;
				CLANG_WARN_RANGE_LOOP_ANALYSIS = YES;
				CLANG_WARN_STRICT_PROTOTYPES = YES;
				CLANG_WARN_SUSPICIOUS_MOVE = YES;
				CLANG_WARN_UNGUARDED_AVAILABILITY = YES_AGGRESSIVE;
				CLANG_WARN_UNREACHABLE_CODE = YES;
				CLANG_WARN__DUPLICATE_METHOD_MATCH = YES;
				COPY_PHASE_STRIP = NO;
				DEBUG_INFORMATION_FORMAT = dwarf;
				ENABLE_STRICT_OBJC_MSGSEND = YES;
				ENABLE_TESTABILITY = YES;
				GCC_C_LANGUAGE_STANDARD = gnu11;
				GCC_DYNAMIC_NO_PIC = NO;
				GCC_NO_COMMON_BLOCKS = YES;
				GCC_OPTIMIZATION_LEVEL = 0;
				GCC_PREPROCESSOR_DEFINITIONS = (
					"DEBUG=1",
					"$(inherited)",
				);
				GCC_WARN_64_TO_32_BIT_CONVERSION = YES;
				GCC_WARN_ABOUT_RETURN_TYPE = YES_ERROR;
				GCC_WARN_UNDECLARED_SELECTOR = YES;
				GCC_WARN_UNINITIALIZED_AUTOS = YES_AGGRESSIVE;
				GCC_WARN_UNUSED_FUNCTION = YES;
				GCC_WARN_UNUSED_VARIABLE = YES;
				IPHONEOS_DEPLOYMENT_TARGET = 13.0;
				MTL_ENABLE_DEBUG_INFO = INCLUDE_SOURCE;
				MTL_FAST_MATH = YES;
				ONLY_ACTIVE_ARCH = YES;
				SDKROOT = iphoneos;
				SWIFT_ACTIVE_COMPILATION_CONDITIONS = DEBUG;
				SWIFT_OPTIMIZATION_LEVEL = "-Onone";
			};
			name = Debug;
		};
		3753FA65297EC7BD009FD818 /* Release */ = {
			isa = XCBuildConfiguration;
			buildSettings = {
				ALWAYS_SEARCH_USER_PATHS = NO;
				CLANG_ANALYZER_NONNULL = YES;
				CLANG_ANALYZER_NUMBER_OBJECT_CONVERSION = YES_AGGRESSIVE;
				CLANG_CXX_LANGUAGE_STANDARD = "gnu++20";
				CLANG_ENABLE_MODULES = YES;
				CLANG_ENABLE_OBJC_ARC = YES;
				CLANG_ENABLE_OBJC_WEAK = YES;
				CLANG_WARN_BLOCK_CAPTURE_AUTORELEASING = YES;
				CLANG_WARN_BOOL_CONVERSION = YES;
				CLANG_WARN_COMMA = YES;
				CLANG_WARN_CONSTANT_CONVERSION = YES;
				CLANG_WARN_DEPRECATED_OBJC_IMPLEMENTATIONS = YES;
				CLANG_WARN_DIRECT_OBJC_ISA_USAGE = YES_ERROR;
				CLANG_WARN_DOCUMENTATION_COMMENTS = YES;
				CLANG_WARN_EMPTY_BODY = YES;
				CLANG_WARN_ENUM_CONVERSION = YES;
				CLANG_WARN_INFINITE_RECURSION = YES;
				CLANG_WARN_INT_CONVERSION = YES;
				CLANG_WARN_NON_LITERAL_NULL_CONVERSION = YES;
				CLANG_WARN_OBJC_IMPLICIT_RETAIN_SELF = YES;
				CLANG_WARN_OBJC_LITERAL_CONVERSION = YES;
				CLANG_WARN_OBJC_ROOT_CLASS = YES_ERROR;
				CLANG_WARN_QUOTED_INCLUDE_IN_FRAMEWORK_HEADER = YES;
				CLANG_WARN_RANGE_LOOP_ANALYSIS = YES;
				CLANG_WARN_STRICT_PROTOTYPES = YES;
				CLANG_WARN_SUSPICIOUS_MOVE = YES;
				CLANG_WARN_UNGUARDED_AVAILABILITY = YES_AGGRESSIVE;
				CLANG_WARN_UNREACHABLE_CODE = YES;
				CLANG_WARN__DUPLICATE_METHOD_MATCH = YES;
				COPY_PHASE_STRIP = NO;
				DEBUG_INFORMATION_FORMAT = "dwarf-with-dsym";
				ENABLE_NS_ASSERTIONS = NO;
				ENABLE_STRICT_OBJC_MSGSEND = YES;
				GCC_C_LANGUAGE_STANDARD = gnu11;
				GCC_NO_COMMON_BLOCKS = YES;
				GCC_WARN_64_TO_32_BIT_CONVERSION = YES;
				GCC_WARN_ABOUT_RETURN_TYPE = YES_ERROR;
				GCC_WARN_UNDECLARED_SELECTOR = YES;
				GCC_WARN_UNINITIALIZED_AUTOS = YES_AGGRESSIVE;
				GCC_WARN_UNUSED_FUNCTION = YES;
				GCC_WARN_UNUSED_VARIABLE = YES;
				IPHONEOS_DEPLOYMENT_TARGET = 13.0;
				MTL_ENABLE_DEBUG_INFO = NO;
				MTL_FAST_MATH = YES;
				SDKROOT = iphoneos;
				SWIFT_COMPILATION_MODE = wholemodule;
				SWIFT_OPTIMIZATION_LEVEL = "-O";
				VALIDATE_PRODUCT = YES;
			};
			name = Release;
		};
		3753FA67297EC7BD009FD818 /* Debug */ = {
			isa = XCBuildConfiguration;
			buildSettings = {
				ASSETCATALOG_COMPILER_APPICON_NAME = AppIcon;
				ASSETCATALOG_COMPILER_GLOBAL_ACCENT_COLOR_NAME = AccentColor;
				CODE_SIGN_STYLE = Automatic;
				CURRENT_PROJECT_VERSION = 1;
				DEVELOPMENT_TEAM = 4B76WUX67Y;
				GENERATE_INFOPLIST_FILE = YES;
				INFOPLIST_FILE = Wordle/Info.plist;
				INFOPLIST_KEY_UIApplicationSupportsIndirectInputEvents = YES;
				INFOPLIST_KEY_UILaunchStoryboardName = LaunchScreen;
				INFOPLIST_KEY_UISupportedInterfaceOrientations_iPhone = UIInterfaceOrientationPortrait;
				IPHONEOS_DEPLOYMENT_TARGET = 14.0;
				LD_RUNPATH_SEARCH_PATHS = (
					"$(inherited)",
					"@executable_path/Frameworks",
				);
				MARKETING_VERSION = 1.0;
				PRODUCT_BUNDLE_IDENTIFIER = com.kamilskrzynski.Wordle;
				PRODUCT_NAME = "$(TARGET_NAME)";
				SWIFT_EMIT_LOC_STRINGS = YES;
				SWIFT_VERSION = 5.0;
				TARGETED_DEVICE_FAMILY = "1,2";
			};
			name = Debug;
		};
		3753FA68297EC7BD009FD818 /* Release */ = {
			isa = XCBuildConfiguration;
			buildSettings = {
				ASSETCATALOG_COMPILER_APPICON_NAME = AppIcon;
				ASSETCATALOG_COMPILER_GLOBAL_ACCENT_COLOR_NAME = AccentColor;
				CODE_SIGN_STYLE = Automatic;
				CURRENT_PROJECT_VERSION = 1;
				DEVELOPMENT_TEAM = 4B76WUX67Y;
				GENERATE_INFOPLIST_FILE = YES;
				INFOPLIST_FILE = Wordle/Info.plist;
				INFOPLIST_KEY_UIApplicationSupportsIndirectInputEvents = YES;
				INFOPLIST_KEY_UILaunchStoryboardName = LaunchScreen;
				INFOPLIST_KEY_UISupportedInterfaceOrientations_iPhone = UIInterfaceOrientationPortrait;
				IPHONEOS_DEPLOYMENT_TARGET = 14.0;
				LD_RUNPATH_SEARCH_PATHS = (
					"$(inherited)",
					"@executable_path/Frameworks",
				);
				MARKETING_VERSION = 1.0;
				PRODUCT_BUNDLE_IDENTIFIER = com.kamilskrzynski.Wordle;
				PRODUCT_NAME = "$(TARGET_NAME)";
				SWIFT_EMIT_LOC_STRINGS = YES;
				SWIFT_VERSION = 5.0;
				TARGETED_DEVICE_FAMILY = "1,2";
			};
			name = Release;
		};
/* End XCBuildConfiguration section */

/* Begin XCConfigurationList section */
		3753FA4D297EC7BB009FD818 /* Build configuration list for PBXProject "Wordle" */ = {
			isa = XCConfigurationList;
			buildConfigurations = (
				3753FA64297EC7BD009FD818 /* Debug */,
				3753FA65297EC7BD009FD818 /* Release */,
			);
			defaultConfigurationIsVisible = 0;
			defaultConfigurationName = Release;
		};
		3753FA66297EC7BD009FD818 /* Build configuration list for PBXNativeTarget "Wordle" */ = {
			isa = XCConfigurationList;
			buildConfigurations = (
				3753FA67297EC7BD009FD818 /* Debug */,
				3753FA68297EC7BD009FD818 /* Release */,
			);
			defaultConfigurationIsVisible = 0;
			defaultConfigurationName = Release;
		};
/* End XCConfigurationList section */
	};
	rootObject = 3753FA4A297EC7BB009FD818 /* Project object */;
}
